
Microsoft Visual Studio Solution File, Format Version 12.00
# Visual Studio Version 17
VisualStudioVersion = 17.7.34031.279
MinimumVisualStudioVersion = 10.0.40219.1
Project("{FAE04EC0-301F-11D3-BF4B-00C04F79EFBC}") = "Practice 1 Module 1", "Practice 1 Module 1\Practice 1 Module 1.csproj", "{2F15466D-3EA1-43E3-B311-1AAFF45A53B3}"
EndProject
Global
	GlobalSection(SolutionConfigurationPlatforms) = preSolution
		Debug|Any CPU = Debug|Any CPU
		Release|Any CPU = Release|Any CPU
	EndGlobalSection
	GlobalSection(ProjectConfigurationPlatforms) = postSolution
		{2F15466D-3EA1-43E3-B311-1AAFF45A53B3}.Debug|Any CPU.ActiveCfg = Debug|Any CPU
		{2F15466D-3EA1-43E3-B311-1AAFF45A53B3}.Debug|Any CPU.Build.0 = Debug|Any CPU
		{2F15466D-3EA1-43E3-B311-1AAFF45A53B3}.Release|Any CPU.ActiveCfg = Release|Any CPU
		{2F15466D-3EA1-43E3-B311-1AAFF45A53B3}.Release|Any CPU.Build.0 = Release|Any CPU
	EndGlobalSection
	GlobalSection(SolutionProperties) = preSolution
		HideSolutionNode = FALSE
	EndGlobalSection
	GlobalSection(ExtensibilityGlobals) = postSolution
		SolutionGuid = {12683CD0-8705-4E40-BE79-9B33EF84C617}
	EndGlobalSection
EndGlobal
